
Microsoft Visual Studio Solution File, Format Version 12.00
# Visual Studio Version 16
VisualStudioVersion = 16.0.30413.136
MinimumVisualStudioVersion = 10.0.40219.1
Project("{FAE04EC0-301F-11D3-BF4B-00C04F79EFBC}") = "2nd part", "2nd part.csproj", "{BF78DE7F-3F76-4007-AEDE-90A8579DAF1B}"
EndProject
Global
	GlobalSection(SolutionConfigurationPlatforms) = preSolution
		Debug|Any CPU = Debug|Any CPU
		Release|Any CPU = Release|Any CPU
	EndGlobalSection
	GlobalSection(ProjectConfigurationPlatforms) = postSolution
		{BF78DE7F-3F76-4007-AEDE-90A8579DAF1B}.Debug|Any CPU.ActiveCfg = Debug|Any CPU
		{BF78DE7F-3F76-4007-AEDE-90A8579DAF1B}.Debug|Any CPU.Build.0 = Debug|Any CPU
		{BF78DE7F-3F76-4007-AEDE-90A8579DAF1B}.Release|Any CPU.ActiveCfg = Release|Any CPU
		{BF78DE7F-3F76-4007-AEDE-90A8579DAF1B}.Release|Any CPU.Build.0 = Release|Any CPU
	EndGlobalSection
	GlobalSection(SolutionProperties) = preSolution
		HideSolutionNode = FALSE
	EndGlobalSection
	GlobalSection(ExtensibilityGlobals) = postSolution
		SolutionGuid = {9357BB34-F356-4686-A2AC-D6F847A726E0}
	EndGlobalSection
EndGlobal
