
Microsoft Visual Studio Solution File, Format Version 12.00
# Visual Studio Version 16
VisualStudioVersion = 16.0.30413.136
MinimumVisualStudioVersion = 10.0.40219.1
Project("{FAE04EC0-301F-11D3-BF4B-00C04F79EFBC}") = "The 2nd project", "The 2nd project.csproj", "{4607AB2B-21DB-419D-A04E-27980511520D}"
EndProject
Global
	GlobalSection(SolutionConfigurationPlatforms) = preSolution
		Debug|Any CPU = Debug|Any CPU
		Release|Any CPU = Release|Any CPU
	EndGlobalSection
	GlobalSection(ProjectConfigurationPlatforms) = postSolution
		{4607AB2B-21DB-419D-A04E-27980511520D}.Debug|Any CPU.ActiveCfg = Debug|Any CPU
		{4607AB2B-21DB-419D-A04E-27980511520D}.Debug|Any CPU.Build.0 = Debug|Any CPU
		{4607AB2B-21DB-419D-A04E-27980511520D}.Release|Any CPU.ActiveCfg = Release|Any CPU
		{4607AB2B-21DB-419D-A04E-27980511520D}.Release|Any CPU.Build.0 = Release|Any CPU
	EndGlobalSection
	GlobalSection(SolutionProperties) = preSolution
		HideSolutionNode = FALSE
	EndGlobalSection
	GlobalSection(ExtensibilityGlobals) = postSolution
		SolutionGuid = {B34D78E7-D31E-4AC0-9A1D-E99690C29401}
	EndGlobalSection
EndGlobal
