
Microsoft Visual Studio Solution File, Format Version 12.00
# Visual Studio Version 16
VisualStudioVersion = 16.0.30413.136
MinimumVisualStudioVersion = 10.0.40219.1
Project("{FAE04EC0-301F-11D3-BF4B-00C04F79EFBC}") = "testUsingDLL", "testUsingDLL.csproj", "{33C495BB-544A-475E-B126-8C79C622D124}"
EndProject
Global
	GlobalSection(SolutionConfigurationPlatforms) = preSolution
		Debug|Any CPU = Debug|Any CPU
		Release|Any CPU = Release|Any CPU
	EndGlobalSection
	GlobalSection(ProjectConfigurationPlatforms) = postSolution
		{33C495BB-544A-475E-B126-8C79C622D124}.Debug|Any CPU.ActiveCfg = Debug|Any CPU
		{33C495BB-544A-475E-B126-8C79C622D124}.Debug|Any CPU.Build.0 = Debug|Any CPU
		{33C495BB-544A-475E-B126-8C79C622D124}.Release|Any CPU.ActiveCfg = Release|Any CPU
		{33C495BB-544A-475E-B126-8C79C622D124}.Release|Any CPU.Build.0 = Release|Any CPU
	EndGlobalSection
	GlobalSection(SolutionProperties) = preSolution
		HideSolutionNode = FALSE
	EndGlobalSection
	GlobalSection(ExtensibilityGlobals) = postSolution
		SolutionGuid = {3B0F3394-2F46-4D78-8878-1522C0E91FB6}
	EndGlobalSection
EndGlobal
