
Microsoft Visual Studio Solution File, Format Version 12.00
# Visual Studio Version 16
VisualStudioVersion = 16.0.30413.136
MinimumVisualStudioVersion = 10.0.40219.1
Project("{FAE04EC0-301F-11D3-BF4B-00C04F79EFBC}") = "2th task", "2th task.csproj", "{87F2B342-8E81-486F-8043-220067F9097F}"
EndProject
Global
	GlobalSection(SolutionConfigurationPlatforms) = preSolution
		Debug|Any CPU = Debug|Any CPU
		Release|Any CPU = Release|Any CPU
	EndGlobalSection
	GlobalSection(ProjectConfigurationPlatforms) = postSolution
		{87F2B342-8E81-486F-8043-220067F9097F}.Debug|Any CPU.ActiveCfg = Debug|Any CPU
		{87F2B342-8E81-486F-8043-220067F9097F}.Debug|Any CPU.Build.0 = Debug|Any CPU
		{87F2B342-8E81-486F-8043-220067F9097F}.Release|Any CPU.ActiveCfg = Release|Any CPU
		{87F2B342-8E81-486F-8043-220067F9097F}.Release|Any CPU.Build.0 = Release|Any CPU
	EndGlobalSection
	GlobalSection(SolutionProperties) = preSolution
		HideSolutionNode = FALSE
	EndGlobalSection
	GlobalSection(ExtensibilityGlobals) = postSolution
		SolutionGuid = {28859AFE-5CC1-4213-AA12-EFA0319D2988}
	EndGlobalSection
EndGlobal
